
Microsoft Visual Studio Solution File, Format Version 12.00
# Visual Studio Version 17
VisualStudioVersion = 17.4.33110.190
MinimumVisualStudioVersion = 10.0.40219.1
Project("{8BC9CEB8-8B4A-11D0-8D11-00A0C91BC942}") = "Final-ms5", "Final-ms5.vcxproj", "{9E9436BE-0A05-4E63-8078-43DDDD334124}"
EndProject
Global
	GlobalSection(SolutionConfigurationPlatforms) = preSolution
		Debug|x64 = Debug|x64
		Debug|x86 = Debug|x86
		Release|x64 = Release|x64
		Release|x86 = Release|x86
	EndGlobalSection
	GlobalSection(ProjectConfigurationPlatforms) = postSolution
		{9E9436BE-0A05-4E63-8078-43DDDD334124}.Debug|x64.ActiveCfg = Debug|x64
		{9E9436BE-0A05-4E63-8078-43DDDD334124}.Debug|x64.Build.0 = Debug|x64
		{9E9436BE-0A05-4E63-8078-43DDDD334124}.Debug|x86.ActiveCfg = Debug|Win32
		{9E9436BE-0A05-4E63-8078-43DDDD334124}.Debug|x86.Build.0 = Debug|Win32
		{9E9436BE-0A05-4E63-8078-43DDDD334124}.Release|x64.ActiveCfg = Release|x64
		{9E9436BE-0A05-4E63-8078-43DDDD334124}.Release|x64.Build.0 = Release|x64
		{9E9436BE-0A05-4E63-8078-43DDDD334124}.Release|x86.ActiveCfg = Release|Win32
		{9E9436BE-0A05-4E63-8078-43DDDD334124}.Release|x86.Build.0 = Release|Win32
	EndGlobalSection
	GlobalSection(SolutionProperties) = preSolution
		HideSolutionNode = FALSE
	EndGlobalSection
	GlobalSection(ExtensibilityGlobals) = postSolution
		SolutionGuid = {59234706-EE3A-4482-BB5A-5BB35537A742}
	EndGlobalSection
EndGlobal
